
Microsoft Visual Studio Solution File, Format Version 12.00
# Visual Studio Version 17
VisualStudioVersion = 17.6.33815.320
MinimumVisualStudioVersion = 10.0.40219.1
Project("{FAE04EC0-301F-11D3-BF4B-00C04F79EFBC}") = "Specification.Api", "Specification.Api\Specification.Api.csproj", "{50BD5935-0C1F-40E4-8A4D-0306678B46C3}"
EndProject
Project("{FAE04EC0-301F-11D3-BF4B-00C04F79EFBC}") = "Specification.Infrastucture", "Specification.Infrastucture\Specification.Infrastucture.csproj", "{6452B3E1-AB52-42AD-9F4E-C6B1AAA67873}"
EndProject
Global
	GlobalSection(SolutionConfigurationPlatforms) = preSolution
		Debug|Any CPU = Debug|Any CPU
		Release|Any CPU = Release|Any CPU
	EndGlobalSection
	GlobalSection(ProjectConfigurationPlatforms) = postSolution
		{50BD5935-0C1F-40E4-8A4D-0306678B46C3}.Debug|Any CPU.ActiveCfg = Debug|Any CPU
		{50BD5935-0C1F-40E4-8A4D-0306678B46C3}.Debug|Any CPU.Build.0 = Debug|Any CPU
		{50BD5935-0C1F-40E4-8A4D-0306678B46C3}.Release|Any CPU.ActiveCfg = Release|Any CPU
		{50BD5935-0C1F-40E4-8A4D-0306678B46C3}.Release|Any CPU.Build.0 = Release|Any CPU
		{6452B3E1-AB52-42AD-9F4E-C6B1AAA67873}.Debug|Any CPU.ActiveCfg = Debug|Any CPU
		{6452B3E1-AB52-42AD-9F4E-C6B1AAA67873}.Debug|Any CPU.Build.0 = Debug|Any CPU
		{6452B3E1-AB52-42AD-9F4E-C6B1AAA67873}.Release|Any CPU.ActiveCfg = Release|Any CPU
		{6452B3E1-AB52-42AD-9F4E-C6B1AAA67873}.Release|Any CPU.Build.0 = Release|Any CPU
	EndGlobalSection
	GlobalSection(SolutionProperties) = preSolution
		HideSolutionNode = FALSE
	EndGlobalSection
	GlobalSection(ExtensibilityGlobals) = postSolution
		SolutionGuid = {73890055-826E-45AD-9E37-BA5F4B600783}
	EndGlobalSection
EndGlobal
